
Microsoft Visual Studio Solution File, Format Version 12.00
# Visual Studio 15
VisualStudioVersion = 15.0.27004.2008
MinimumVisualStudioVersion = 10.0.40219.1
Project("{FAE04EC0-301F-11D3-BF4B-00C04F79EFBC}") = "Cashier_CB", "Cashier_CB\Cashier_CB.csproj", "{4B6E95E8-958C-49D4-B92F-C0316013FBBD}"
EndProject
Global
	GlobalSection(SolutionConfigurationPlatforms) = preSolution
		Debug|Any CPU = Debug|Any CPU
		Release|Any CPU = Release|Any CPU
	EndGlobalSection
	GlobalSection(ProjectConfigurationPlatforms) = postSolution
		{4B6E95E8-958C-49D4-B92F-C0316013FBBD}.Debug|Any CPU.ActiveCfg = Debug|Any CPU
		{4B6E95E8-958C-49D4-B92F-C0316013FBBD}.Debug|Any CPU.Build.0 = Debug|Any CPU
		{4B6E95E8-958C-49D4-B92F-C0316013FBBD}.Release|Any CPU.ActiveCfg = Release|Any CPU
	EndGlobalSection
	GlobalSection(SolutionProperties) = preSolution
		HideSolutionNode = FALSE
	EndGlobalSection
	GlobalSection(ExtensibilityGlobals) = postSolution
		SolutionGuid = {1A443824-8B0A-49B3-B4D2-C5B08C1AD083}
	EndGlobalSection
EndGlobal
